
Microsoft Visual Studio Solution File, Format Version 12.00
# Visual Studio Version 16
VisualStudioVersion = 16.0.29519.87
MinimumVisualStudioVersion = 10.0.40219.1
Project("{FAE04EC0-301F-11D3-BF4B-00C04F79EFBC}") = "Set PopUp Reminder", "Set PopUp Reminder\Set PopUp Reminder.csproj", "{4290FA39-64F4-429E-BC70-9DE1FED886FC}"
EndProject
Global
	GlobalSection(SolutionConfigurationPlatforms) = preSolution
		Debug|Any CPU = Debug|Any CPU
		Release|Any CPU = Release|Any CPU
	EndGlobalSection
	GlobalSection(ProjectConfigurationPlatforms) = postSolution
		{4290FA39-64F4-429E-BC70-9DE1FED886FC}.Debug|Any CPU.ActiveCfg = Debug|Any CPU
		{4290FA39-64F4-429E-BC70-9DE1FED886FC}.Debug|Any CPU.Build.0 = Debug|Any CPU
		{4290FA39-64F4-429E-BC70-9DE1FED886FC}.Release|Any CPU.ActiveCfg = Release|Any CPU
		{4290FA39-64F4-429E-BC70-9DE1FED886FC}.Release|Any CPU.Build.0 = Release|Any CPU
	EndGlobalSection
	GlobalSection(SolutionProperties) = preSolution
		HideSolutionNode = FALSE
	EndGlobalSection
	GlobalSection(ExtensibilityGlobals) = postSolution
		SolutionGuid = {F513D59A-F518-42C9-AFE9-1EE4C7CB80E5}
	EndGlobalSection
EndGlobal
